
Microsoft Visual Studio Solution File, Format Version 12.00
# Visual Studio Version 17
VisualStudioVersion = 17.7.34202.233
MinimumVisualStudioVersion = 10.0.40219.1
Project("{FAE04EC0-301F-11D3-BF4B-00C04F79EFBC}") = "Practica 2 Unidad 4", "Practica 2 Unidad 4.csproj", "{894D93E7-B0D9-4AC1-883B-43AE9F861987}"
EndProject
Global
	GlobalSection(SolutionConfigurationPlatforms) = preSolution
		Debug|Any CPU = Debug|Any CPU
		Release|Any CPU = Release|Any CPU
	EndGlobalSection
	GlobalSection(ProjectConfigurationPlatforms) = postSolution
		{894D93E7-B0D9-4AC1-883B-43AE9F861987}.Debug|Any CPU.ActiveCfg = Debug|Any CPU
		{894D93E7-B0D9-4AC1-883B-43AE9F861987}.Debug|Any CPU.Build.0 = Debug|Any CPU
		{894D93E7-B0D9-4AC1-883B-43AE9F861987}.Release|Any CPU.ActiveCfg = Release|Any CPU
		{894D93E7-B0D9-4AC1-883B-43AE9F861987}.Release|Any CPU.Build.0 = Release|Any CPU
	EndGlobalSection
	GlobalSection(SolutionProperties) = preSolution
		HideSolutionNode = FALSE
	EndGlobalSection
	GlobalSection(ExtensibilityGlobals) = postSolution
		SolutionGuid = {A7353620-E245-4140-98EA-E49A6D4D9B73}
	EndGlobalSection
EndGlobal
